
Microsoft Visual Studio Solution File, Format Version 12.00
# Visual Studio Version 17
VisualStudioVersion = 17.10.35122.118
MinimumVisualStudioVersion = 10.0.40219.1
Project("{2150E333-8FDC-42A3-9474-1A3956D46DE8}") = "src", "src", "{5D92A971-A9FB-4D97-BA77-47322F020FAA}"
EndProject
Project("{2150E333-8FDC-42A3-9474-1A3956D46DE8}") = "Solution Items", "Solution Items", "{370242F5-1E43-482C-8A9B-8B3D0008D6A3}"
	ProjectSection(SolutionItems) = preProject
		.editorconfig = .editorconfig
		.gitattributes = .gitattributes
		.gitignore = .gitignore
		Directory.Build.props = Directory.Build.props
		Directory.Packages.props = Directory.Packages.props
		LICENSE.txt = LICENSE.txt
		README.md = README.md
	EndProjectSection
EndProject
Project("{2150E333-8FDC-42A3-9474-1A3956D46DE8}") = "tests", "tests", "{262A92D9-159D-4710-B6A9-BDECDB733FE3}"
EndProject
Project("{9A19103F-16F7-4668-BE54-9A1E7A4F7556}") = "WebTemplate.Infrastructure", "src\WebTemplate.Infrastructure\WebTemplate.Infrastructure.csproj", "{9D6E492F-519A-4449-818C-E6969A6FF406}"
EndProject
Project("{9A19103F-16F7-4668-BE54-9A1E7A4F7556}") = "WebTemplate.Web", "src\WebTemplate.Web\WebTemplate.Web.csproj", "{42707CC9-ACD4-4227-A28C-EB924FC4018F}"
EndProject
Project("{9A19103F-16F7-4668-BE54-9A1E7A4F7556}") = "WebTemplate.Core", "src\WebTemplate.Core\WebTemplate.Core.csproj", "{516E99FA-32DD-4C0E-B71E-9ED221855E92}"
EndProject
Project("{9A19103F-16F7-4668-BE54-9A1E7A4F7556}") = "WebTemplate.UseCases", "src\WebTemplate.UseCases\WebTemplate.UseCases.csproj", "{AA5F3FF7-97E7-40A5-BED0-C73434CCC491}"
EndProject
Project("{9A19103F-16F7-4668-BE54-9A1E7A4F7556}") = "WebTemplate.UnitTests", "tests\WebTemplate.UnitTests\WebTemplate.UnitTests.csproj", "{458D4EC3-DF83-4247-97BD-14D7F7A5EC88}"
EndProject
Global
	GlobalSection(SolutionConfigurationPlatforms) = preSolution
		Debug|Any CPU = Debug|Any CPU
		Release|Any CPU = Release|Any CPU
	EndGlobalSection
	GlobalSection(ProjectConfigurationPlatforms) = postSolution
		{9D6E492F-519A-4449-818C-E6969A6FF406}.Debug|Any CPU.ActiveCfg = Debug|Any CPU
		{9D6E492F-519A-4449-818C-E6969A6FF406}.Debug|Any CPU.Build.0 = Debug|Any CPU
		{9D6E492F-519A-4449-818C-E6969A6FF406}.Release|Any CPU.ActiveCfg = Release|Any CPU
		{9D6E492F-519A-4449-818C-E6969A6FF406}.Release|Any CPU.Build.0 = Release|Any CPU
		{42707CC9-ACD4-4227-A28C-EB924FC4018F}.Debug|Any CPU.ActiveCfg = Debug|Any CPU
		{42707CC9-ACD4-4227-A28C-EB924FC4018F}.Debug|Any CPU.Build.0 = Debug|Any CPU
		{42707CC9-ACD4-4227-A28C-EB924FC4018F}.Release|Any CPU.ActiveCfg = Release|Any CPU
		{42707CC9-ACD4-4227-A28C-EB924FC4018F}.Release|Any CPU.Build.0 = Release|Any CPU
		{516E99FA-32DD-4C0E-B71E-9ED221855E92}.Debug|Any CPU.ActiveCfg = Debug|Any CPU
		{516E99FA-32DD-4C0E-B71E-9ED221855E92}.Debug|Any CPU.Build.0 = Debug|Any CPU
		{516E99FA-32DD-4C0E-B71E-9ED221855E92}.Release|Any CPU.ActiveCfg = Release|Any CPU
		{516E99FA-32DD-4C0E-B71E-9ED221855E92}.Release|Any CPU.Build.0 = Release|Any CPU
		{AA5F3FF7-97E7-40A5-BED0-C73434CCC491}.Debug|Any CPU.ActiveCfg = Debug|Any CPU
		{AA5F3FF7-97E7-40A5-BED0-C73434CCC491}.Debug|Any CPU.Build.0 = Debug|Any CPU
		{AA5F3FF7-97E7-40A5-BED0-C73434CCC491}.Release|Any CPU.ActiveCfg = Release|Any CPU
		{AA5F3FF7-97E7-40A5-BED0-C73434CCC491}.Release|Any CPU.Build.0 = Release|Any CPU
		{458D4EC3-DF83-4247-97BD-14D7F7A5EC88}.Debug|Any CPU.ActiveCfg = Debug|Any CPU
		{458D4EC3-DF83-4247-97BD-14D7F7A5EC88}.Debug|Any CPU.Build.0 = Debug|Any CPU
		{458D4EC3-DF83-4247-97BD-14D7F7A5EC88}.Release|Any CPU.ActiveCfg = Release|Any CPU
		{458D4EC3-DF83-4247-97BD-14D7F7A5EC88}.Release|Any CPU.Build.0 = Release|Any CPU
	EndGlobalSection
	GlobalSection(SolutionProperties) = preSolution
		HideSolutionNode = FALSE
	EndGlobalSection
	GlobalSection(NestedProjects) = preSolution
		{9D6E492F-519A-4449-818C-E6969A6FF406} = {5D92A971-A9FB-4D97-BA77-47322F020FAA}
		{42707CC9-ACD4-4227-A28C-EB924FC4018F} = {5D92A971-A9FB-4D97-BA77-47322F020FAA}
		{516E99FA-32DD-4C0E-B71E-9ED221855E92} = {5D92A971-A9FB-4D97-BA77-47322F020FAA}
		{AA5F3FF7-97E7-40A5-BED0-C73434CCC491} = {5D92A971-A9FB-4D97-BA77-47322F020FAA}
		{458D4EC3-DF83-4247-97BD-14D7F7A5EC88} = {262A92D9-159D-4710-B6A9-BDECDB733FE3}
	EndGlobalSection
	GlobalSection(ExtensibilityGlobals) = postSolution
		SolutionGuid = {45D16517-667C-433C-B32B-4D3164CFC20C}
	EndGlobalSection
EndGlobal
